
Microsoft Visual Studio Solution File, Format Version 12.00
# Visual Studio 15
VisualStudioVersion = 15.0.28307.329
MinimumVisualStudioVersion = 10.0.40219.1
Project("{FAE04EC0-301F-11D3-BF4B-00C04F79EFBC}") = "ThreeExample", "ThreeExample\ThreeExample.csproj", "{A73DD24D-3EF5-413D-AF2F-6889BBD698C8}"
EndProject
Project("{FAE04EC0-301F-11D3-BF4B-00C04F79EFBC}") = "DAL", "DAL\DAL.csproj", "{E61B1765-2C2D-4BF6-BC7F-C24A2D1C2DEB}"
EndProject
Project("{FAE04EC0-301F-11D3-BF4B-00C04F79EFBC}") = "BLL", "BLL\BLL.csproj", "{819372C0-6398-479E-BEFB-215443DA3A8D}"
EndProject
Global
	GlobalSection(SolutionConfigurationPlatforms) = preSolution
		Debug|Any CPU = Debug|Any CPU
		Release|Any CPU = Release|Any CPU
	EndGlobalSection
	GlobalSection(ProjectConfigurationPlatforms) = postSolution
		{A73DD24D-3EF5-413D-AF2F-6889BBD698C8}.Debug|Any CPU.ActiveCfg = Debug|Any CPU
		{A73DD24D-3EF5-413D-AF2F-6889BBD698C8}.Debug|Any CPU.Build.0 = Debug|Any CPU
		{A73DD24D-3EF5-413D-AF2F-6889BBD698C8}.Release|Any CPU.ActiveCfg = Release|Any CPU
		{A73DD24D-3EF5-413D-AF2F-6889BBD698C8}.Release|Any CPU.Build.0 = Release|Any CPU
		{E61B1765-2C2D-4BF6-BC7F-C24A2D1C2DEB}.Debug|Any CPU.ActiveCfg = Debug|Any CPU
		{E61B1765-2C2D-4BF6-BC7F-C24A2D1C2DEB}.Debug|Any CPU.Build.0 = Debug|Any CPU
		{E61B1765-2C2D-4BF6-BC7F-C24A2D1C2DEB}.Release|Any CPU.ActiveCfg = Release|Any CPU
		{E61B1765-2C2D-4BF6-BC7F-C24A2D1C2DEB}.Release|Any CPU.Build.0 = Release|Any CPU
		{819372C0-6398-479E-BEFB-215443DA3A8D}.Debug|Any CPU.ActiveCfg = Debug|Any CPU
		{819372C0-6398-479E-BEFB-215443DA3A8D}.Debug|Any CPU.Build.0 = Debug|Any CPU
		{819372C0-6398-479E-BEFB-215443DA3A8D}.Release|Any CPU.ActiveCfg = Release|Any CPU
		{819372C0-6398-479E-BEFB-215443DA3A8D}.Release|Any CPU.Build.0 = Release|Any CPU
	EndGlobalSection
	GlobalSection(SolutionProperties) = preSolution
		HideSolutionNode = FALSE
	EndGlobalSection
	GlobalSection(ExtensibilityGlobals) = postSolution
		SolutionGuid = {C1120CB5-47C0-4A03-BECC-4C5141326F2C}
	EndGlobalSection
EndGlobal
